
Microsoft Visual Studio Solution File, Format Version 12.00
# Visual Studio Version 16
VisualStudioVersion = 16.0.29306.81
MinimumVisualStudioVersion = 10.0.40219.1
Project("{FAE04EC0-301F-11D3-BF4B-00C04F79EFBC}") = "Tanks", "Tanks.csproj", "{CBAD440C-0AA5-4E0F-B072-73D620E26A86}"
EndProject
Global
	GlobalSection(SolutionConfigurationPlatforms) = preSolution
		Debug|Any CPU = Debug|Any CPU
		Release|Any CPU = Release|Any CPU
	EndGlobalSection
	GlobalSection(ProjectConfigurationPlatforms) = postSolution
		{CBAD440C-0AA5-4E0F-B072-73D620E26A86}.Debug|Any CPU.ActiveCfg = Debug|Any CPU
		{CBAD440C-0AA5-4E0F-B072-73D620E26A86}.Debug|Any CPU.Build.0 = Debug|Any CPU
		{CBAD440C-0AA5-4E0F-B072-73D620E26A86}.Release|Any CPU.ActiveCfg = Release|Any CPU
		{CBAD440C-0AA5-4E0F-B072-73D620E26A86}.Release|Any CPU.Build.0 = Release|Any CPU
	EndGlobalSection
	GlobalSection(SolutionProperties) = preSolution
		HideSolutionNode = FALSE
	EndGlobalSection
	GlobalSection(ExtensibilityGlobals) = postSolution
		SolutionGuid = {002EA134-EBC6-48AF-AD47-CF5C8769B2FA}
	EndGlobalSection
EndGlobal
